// !$*UTF8*$!
{
	archiveVersion = 1;
	classes = {
	};
	objectVersion = 50;
	objects = {

/* Begin PBXBuildFile section */
		00E3047222971A9100CCC69F /* AppDelegate.swift in Sources */ = {isa = PBXBuildFile; fileRef = 00E3047122971A9100CCC69F /* AppDelegate.swift */; };
		00E3047422971A9100CCC69F /* ViewController.swift in Sources */ = {isa = PBXBuildFile; fileRef = 00E3047322971A9100CCC69F /* ViewController.swift */; };
		00E3047722971A9100CCC69F /* Main.storyboard in Resources */ = {isa = PBXBuildFile; fileRef = 00E3047522971A9100CCC69F /* Main.storyboard */; };
		00E3047A22971A9100CCC69F /* Bow_Ties.xcdatamodeld in Sources */ = {isa = PBXBuildFile; fileRef = 00E3047822971A9100CCC69F /* Bow_Ties.xcdatamodeld */; };
		00E3047C22971A9200CCC69F /* Assets.xcassets in Resources */ = {isa = PBXBuildFile; fileRef = 00E3047B22971A9200CCC69F /* Assets.xcassets */; };
		00E3047F22971A9200CCC69F /* LaunchScreen.storyboard in Resources */ = {isa = PBXBuildFile; fileRef = 00E3047D22971A9200CCC69F /* LaunchScreen.storyboard */; };
		00E3048722971AA300CCC69F /* SampleData.plist in Resources */ = {isa = PBXBuildFile; fileRef = 00E3048622971AA300CCC69F /* SampleData.plist */; };
		00E3048E2297C21600CCC69F /* Bowtie+CoreDataClass.swift in Sources */ = {isa = PBXBuildFile; fileRef = 00E3048C2297C21600CCC69F /* Bowtie+CoreDataClass.swift */; };
		00E3048F2297C21600CCC69F /* Bowtie+CoreDataProperties.swift in Sources */ = {isa = PBXBuildFile; fileRef = 00E3048D2297C21600CCC69F /* Bowtie+CoreDataProperties.swift */; };
		00E304912297DA6A00CCC69F /* CoreDataApi.swift in Sources */ = {isa = PBXBuildFile; fileRef = 00E304902297DA6A00CCC69F /* CoreDataApi.swift */; };
/* End PBXBuildFile section */

/* Begin PBXFileReference section */
		00E3046E22971A9100CCC69F /* Bow Ties.app */ = {isa = PBXFileReference; explicitFileType = wrapper.application; includeInIndex = 0; path = "Bow Ties.app"; sourceTree = BUILT_PRODUCTS_DIR; };
		00E3047122971A9100CCC69F /* AppDelegate.swift */ = {isa = PBXFileReference; lastKnownFileType = sourcecode.swift; path = AppDelegate.swift; sourceTree = "<group>"; };
		00E3047322971A9100CCC69F /* ViewController.swift */ = {isa = PBXFileReference; lastKnownFileType = sourcecode.swift; path = ViewController.swift; sourceTree = "<group>"; };
		00E3047622971A9100CCC69F /* Base */ = {isa = PBXFileReference; lastKnownFileType = file.storyboard; name = Base; path = Base.lproj/Main.storyboard; sourceTree = "<group>"; };
		00E3047922971A9100CCC69F /* Bow_Ties.xcdatamodel */ = {isa = PBXFileReference; lastKnownFileType = wrapper.xcdatamodel; path = Bow_Ties.xcdatamodel; sourceTree = "<group>"; };
		00E3047B22971A9200CCC69F /* Assets.xcassets */ = {isa = PBXFileReference; lastKnownFileType = folder.assetcatalog; path = Assets.xcassets; sourceTree = "<group>"; };
		00E3047E22971A9200CCC69F /* Base */ = {isa = PBXFileReference; lastKnownFileType = file.storyboard; name = Base; path = Base.lproj/LaunchScreen.storyboard; sourceTree = "<group>"; };
		00E3048022971A9200CCC69F /* Info.plist */ = {isa = PBXFileReference; lastKnownFileType = text.plist.xml; path = Info.plist; sourceTree = "<group>"; };
		00E3048622971AA300CCC69F /* SampleData.plist */ = {isa = PBXFileReference; fileEncoding = 4; lastKnownFileType = text.plist.xml; path = SampleData.plist; sourceTree = "<group>"; };
		00E3048C2297C21600CCC69F /* Bowtie+CoreDataClass.swift */ = {isa = PBXFileReference; lastKnownFileType = sourcecode.swift; path = "Bowtie+CoreDataClass.swift"; sourceTree = "<group>"; };
		00E3048D2297C21600CCC69F /* Bowtie+CoreDataProperties.swift */ = {isa = PBXFileReference; lastKnownFileType = sourcecode.swift; path = "Bowtie+CoreDataProperties.swift"; sourceTree = "<group>"; };
		00E304902297DA6A00CCC69F /* CoreDataApi.swift */ = {isa = PBXFileReference; lastKnownFileType = sourcecode.swift; path = CoreDataApi.swift; sourceTree = "<group>"; };
/* End PBXFileReference section */

/* Begin PBXFrameworksBuildPhase section */
		00E3046B22971A9100CCC69F /* Frameworks */ = {
			isa = PBXFrameworksBuildPhase;
			buildActionMask = 2147483647;
			files = (
			);
			runOnlyForDeploymentPostprocessing = 0;
		};
/* End PBXFrameworksBuildPhase section */

/* Begin PBXGroup section */
		00E3046522971A9000CCC69F = {
			isa = PBXGroup;
			children = (
				00E3047022971A9100CCC69F /* Bow Ties */,
				00E3046F22971A9100CCC69F /* Products */,
			);
			sourceTree = "<group>";
		};
		00E3046F22971A9100CCC69F /* Products */ = {
			isa = PBXGroup;
			children = (
				00E3046E22971A9100CCC69F /* Bow Ties.app */,
			);
			name = Products;
			sourceTree = "<group>";
		};
		00E3047022971A9100CCC69F /* Bow Ties */ = {
			isa = PBXGroup;
			children = (
				00E3047122971A9100CCC69F /* AppDelegate.swift */,
				00E3047322971A9100CCC69F /* ViewController.swift */,
				00E3047522971A9100CCC69F /* Main.storyboard */,
				00E3047B22971A9200CCC69F /* Assets.xcassets */,
				00E3047D22971A9200CCC69F /* LaunchScreen.storyboard */,
				00E3048022971A9200CCC69F /* Info.plist */,
				00E3047822971A9100CCC69F /* Bow_Ties.xcdatamodeld */,
				00E3048C2297C21600CCC69F /* Bowtie+CoreDataClass.swift */,
				00E3048D2297C21600CCC69F /* Bowtie+CoreDataProperties.swift */,
				00E3048622971AA300CCC69F /* SampleData.plist */,
				00E304902297DA6A00CCC69F /* CoreDataApi.swift */,
			);
			path = "Bow Ties";
			sourceTree = "<group>";
		};
/* End PBXGroup section */

/* Begin PBXNativeTarget section */
		00E3046D22971A9100CCC69F /* Bow Ties */ = {
			isa = PBXNativeTarget;
			buildConfigurationList = 00E3048322971A9200CCC69F /* Build configuration list for PBXNativeTarget "Bow Ties" */;
			buildPhases = (
				00E3046A22971A9100CCC69F /* Sources */,
				00E3046B22971A9100CCC69F /* Frameworks */,
				00E3046C22971A9100CCC69F /* Resources */,
			);
			buildRules = (
			);
			dependencies = (
			);
			name = "Bow Ties";
			productName = "Bow Ties";
			productReference = 00E3046E22971A9100CCC69F /* Bow Ties.app */;
			productType = "com.apple.product-type.application";
		};
/* End PBXNativeTarget section */

/* Begin PBXProject section */
		00E3046622971A9000CCC69F /* Project object */ = {
			isa = PBXProject;
			attributes = {
				LastSwiftUpdateCheck = 1020;
				LastUpgradeCheck = 1020;
				ORGANIZATIONNAME = A;
				TargetAttributes = {
					00E3046D22971A9100CCC69F = {
						CreatedOnToolsVersion = 10.2;
					};
				};
			};
			buildConfigurationList = 00E3046922971A9000CCC69F /* Build configuration list for PBXProject "Bow Ties" */;
			compatibilityVersion = "Xcode 9.3";
			developmentRegion = en;
			hasScannedForEncodings = 0;
			knownRegions = (
				en,
				Base,
			);
			mainGroup = 00E3046522971A9000CCC69F;
			productRefGroup = 00E3046F22971A9100CCC69F /* Products */;
			projectDirPath = "";
			projectRoot = "";
			targets = (
				00E3046D22971A9100CCC69F /* Bow Ties */,
			);
		};
/* End PBXProject section */

/* Begin PBXResourcesBuildPhase section */
		00E3046C22971A9100CCC69F /* Resources */ = {
			isa = PBXResourcesBuildPhase;
			buildActionMask = 2147483647;
			files = (
				00E3047F22971A9200CCC69F /* LaunchScreen.storyboard in Resources */,
				00E3047C22971A9200CCC69F /* Assets.xcassets in Resources */,
				00E3048722971AA300CCC69F /* SampleData.plist in Resources */,
				00E3047722971A9100CCC69F /* Main.storyboard in Resources */,
			);
			runOnlyForDeploymentPostprocessing = 0;
		};
/* End PBXResourcesBuildPhase section */

/* Begin PBXSourcesBuildPhase section */
		00E3046A22971A9100CCC69F /* Sources */ = {
			isa = PBXSourcesBuildPhase;
			buildActionMask = 2147483647;
			files = (
				00E3047A22971A9100CCC69F /* Bow_Ties.xcdatamodeld in Sources */,
				00E3047422971A9100CCC69F /* ViewController.swift in Sources */,
				00E3047222971A9100CCC69F /* AppDelegate.swift in Sources */,
				00E304912297DA6A00CCC69F /* CoreDataApi.swift in Sources */,
				00E3048E2297C21600CCC69F /* Bowtie+CoreDataClass.swift in Sources */,
				00E3048F2297C21600CCC69F /* Bowtie+CoreDataProperties.swift in Sources */,
			);
			runOnlyForDeploymentPostprocessing = 0;
		};
/* End PBXSourcesBuildPhase section */

/* Begin PBXVariantGroup section */
		00E3047522971A9100CCC69F /* Main.storyboard */ = {
			isa = PBXVariantGroup;
			children = (
				00E3047622971A9100CCC69F /* Base */,
			);
			name = Main.storyboard;
			sourceTree = "<group>";
		};
		00E3047D22971A9200CCC69F /* LaunchScreen.storyboard */ = {
			isa = PBXVariantGroup;
			children = (
				00E3047E22971A9200CCC69F /* Base */,
			);
			name = LaunchScreen.storyboard;
			sourceTree = "<group>";
		};
/* End PBXVariantGroup section */

/* Begin XCBuildConfiguration section */
		00E3048122971A9200CCC69F /* Debug */ = {
			isa = XCBuildConfiguration;
			buildSettings = {
				ALWAYS_SEARCH_USER_PATHS = NO;
				CLANG_ANALYZER_NONNULL = YES;
				CLANG_ANALYZER_NUMBER_OBJECT_CONVERSION = YES_AGGRESSIVE;
				CLANG_CXX_LANGUAGE_STANDARD = "gnu++14";
				CLANG_CXX_LIBRARY = "libc++";
				CLANG_ENABLE_MODULES = YES;
				CLANG_ENABLE_OBJC_ARC = YES;
				CLANG_ENABLE_OBJC_WEAK = YES;
				CLANG_WARN_BLOCK_CAPTURE_AUTORELEASING = YES;
				CLANG_WARN_BOOL_CONVERSION = YES;
				CLANG_WARN_COMMA = YES;
				CLANG_WARN_CONSTANT_CONVERSION = YES;
				CLANG_WARN_DEPRECATED_OBJC_IMPLEMENTATIONS = YES;
				CLANG_WARN_DIRECT_OBJC_ISA_USAGE = YES_ERROR;
				CLANG_WARN_DOCUMENTATION_COMMENTS = YES;
				CLANG_WARN_EMPTY_BODY = YES;
				CLANG_WARN_ENUM_CONVERSION = YES;
				CLANG_WARN_INFINITE_RECURSION = YES;
				CLANG_WARN_INT_CONVERSION = YES;
				CLANG_WARN_NON_LITERAL_NULL_CONVERSION = YES;
				CLANG_WARN_OBJC_IMPLICIT_RETAIN_SELF = YES;
				CLANG_WARN_OBJC_LITERAL_CONVERSION = YES;
				CLANG_WARN_OBJC_ROOT_CLASS = YES_ERROR;
				CLANG_WARN_RANGE_LOOP_ANALYSIS = YES;
				CLANG_WARN_STRICT_PROTOTYPES = YES;
				CLANG_WARN_SUSPICIOUS_MOVE = YES;
				CLANG_WARN_UNGUARDED_AVAILABILITY = YES_AGGRESSIVE;
				CLANG_WARN_UNREACHABLE_CODE = YES;
				CLANG_WARN__DUPLICATE_METHOD_MATCH = YES;
				CODE_SIGN_IDENTITY = "iPhone Developer";
				COPY_PHASE_STRIP = NO;
				DEBUG_INFORMATION_FORMAT = dwarf;
				ENABLE_STRICT_OBJC_MSGSEND = YES;
				ENABLE_TESTABILITY = YES;
				GCC_C_LANGUAGE_STANDARD = gnu11;
				GCC_DYNAMIC_NO_PIC = NO;
				GCC_NO_COMMON_BLOCKS = YES;
				GCC_OPTIMIZATION_LEVEL = 0;
				GCC_PREPROCESSOR_DEFINITIONS = (
					"DEBUG=1",
					"$(inherited)",
				);
				GCC_WARN_64_TO_32_BIT_CONVERSION = YES;
				GCC_WARN_ABOUT_RETURN_TYPE = YES_ERROR;
				GCC_WARN_UNDECLARED_SELECTOR = YES;
				GCC_WARN_UNINITIALIZED_AUTOS = YES_AGGRESSIVE;
				GCC_WARN_UNUSED_FUNCTION = YES;
				GCC_WARN_UNUSED_VARIABLE = YES;
				IPHONEOS_DEPLOYMENT_TARGET = 12.2;
				MTL_ENABLE_DEBUG_INFO = INCLUDE_SOURCE;
				MTL_FAST_MATH = YES;
				ONLY_ACTIVE_ARCH = YES;
				SDKROOT = iphoneos;
				SWIFT_ACTIVE_COMPILATION_CONDITIONS = DEBUG;
				SWIFT_OPTIMIZATION_LEVEL = "-Onone";
			};
			name = Debug;
		};
		00E3048222971A9200CCC69F /* Release */ = {
			isa = XCBuildConfiguration;
			buildSettings = {
				ALWAYS_SEARCH_USER_PATHS = NO;
				CLANG_ANALYZER_NONNULL = YES;
				CLANG_ANALYZER_NUMBER_OBJECT_CONVERSION = YES_AGGRESSIVE;
				CLANG_CXX_LANGUAGE_STANDARD = "gnu++14";
				CLANG_CXX_LIBRARY = "libc++";
				CLANG_ENABLE_MODULES = YES;
				CLANG_ENABLE_OBJC_ARC = YES;
				CLANG_ENABLE_OBJC_WEAK = YES;
				CLANG_WARN_BLOCK_CAPTURE_AUTORELEASING = YES;
				CLANG_WARN_BOOL_CONVERSION = YES;
				CLANG_WARN_COMMA = YES;
				CLANG_WARN_CONSTANT_CONVERSION = YES;
				CLANG_WARN_DEPRECATED_OBJC_IMPLEMENTATIONS = YES;
				CLANG_WARN_DIRECT_OBJC_ISA_USAGE = YES_ERROR;
				CLANG_WARN_DOCUMENTATION_COMMENTS = YES;
				CLANG_WARN_EMPTY_BODY = YES;
				CLANG_WARN_ENUM_CONVERSION = YES;
				CLANG_WARN_INFINITE_RECURSION = YES;
				CLANG_WARN_INT_CONVERSION = YES;
				CLANG_WARN_NON_LITERAL_NULL_CONVERSION = YES;
				CLANG_WARN_OBJC_IMPLICIT_RETAIN_SELF = YES;
				CLANG_WARN_OBJC_LITERAL_CONVERSION = YES;
				CLANG_WARN_OBJC_ROOT_CLASS = YES_ERROR;
				CLANG_WARN_RANGE_LOOP_ANALYSIS = YES;
				CLANG_WARN_STRICT_PROTOTYPES = YES;
				CLANG_WARN_SUSPICIOUS_MOVE = YES;
				CLANG_WARN_UNGUARDED_AVAILABILITY = YES_AGGRESSIVE;
				CLANG_WARN_UNREACHABLE_CODE = YES;
				CLANG_WARN__DUPLICATE_METHOD_MATCH = YES;
				CODE_SIGN_IDENTITY = "iPhone Developer";
				COPY_PHASE_STRIP = NO;
				DEBUG_INFORMATION_FORMAT = "dwarf-with-dsym";
				ENABLE_NS_ASSERTIONS = NO;
				ENABLE_STRICT_OBJC_MSGSEND = YES;
				GCC_C_LANGUAGE_STANDARD = gnu11;
				GCC_NO_COMMON_BLOCKS = YES;
				GCC_WARN_64_TO_32_BIT_CONVERSION = YES;
				GCC_WARN_ABOUT_RETURN_TYPE = YES_ERROR;
				GCC_WARN_UNDECLARED_SELECTOR = YES;
				GCC_WARN_UNINITIALIZED_AUTOS = YES_AGGRESSIVE;
				GCC_WARN_UNUSED_FUNCTION = YES;
				GCC_WARN_UNUSED_VARIABLE = YES;
				IPHONEOS_DEPLOYMENT_TARGET = 12.2;
				MTL_ENABLE_DEBUG_INFO = NO;
				MTL_FAST_MATH = YES;
				SDKROOT = iphoneos;
				SWIFT_COMPILATION_MODE = wholemodule;
				SWIFT_OPTIMIZATION_LEVEL = "-O";
				VALIDATE_PRODUCT = YES;
			};
			name = Release;
		};
		00E3048422971A9200CCC69F /* Debug */ = {
			isa = XCBuildConfiguration;
			buildSettings = {
				ASSETCATALOG_COMPILER_APPICON_NAME = AppIcon;
				CODE_SIGN_STYLE = Automatic;
				DEVELOPMENT_TEAM = C2WZ997HDM;
				INFOPLIST_FILE = "Bow Ties/Info.plist";
				LD_RUNPATH_SEARCH_PATHS = (
					"$(inherited)",
					"@executable_path/Frameworks",
				);
				PRODUCT_BUNDLE_IDENTIFIER = "com.a.Bow-Ties";
				PRODUCT_NAME = "$(TARGET_NAME)";
				SWIFT_VERSION = 5.0;
				TARGETED_DEVICE_FAMILY = "1,2";
			};
			name = Debug;
		};
		00E3048522971A9200CCC69F /* Release */ = {
			isa = XCBuildConfiguration;
			buildSettings = {
				ASSETCATALOG_COMPILER_APPICON_NAME = AppIcon;
				CODE_SIGN_STYLE = Automatic;
				DEVELOPMENT_TEAM = C2WZ997HDM;
				INFOPLIST_FILE = "Bow Ties/Info.plist";
				LD_RUNPATH_SEARCH_PATHS = (
					"$(inherited)",
					"@executable_path/Frameworks",
				);
				PRODUCT_BUNDLE_IDENTIFIER = "com.a.Bow-Ties";
				PRODUCT_NAME = "$(TARGET_NAME)";
				SWIFT_VERSION = 5.0;
				TARGETED_DEVICE_FAMILY = "1,2";
			};
			name = Release;
		};
/* End XCBuildConfiguration section */

/* Begin XCConfigurationList section */
		00E3046922971A9000CCC69F /* Build configuration list for PBXProject "Bow Ties" */ = {
			isa = XCConfigurationList;
			buildConfigurations = (
				00E3048122971A9200CCC69F /* Debug */,
				00E3048222971A9200CCC69F /* Release */,
			);
			defaultConfigurationIsVisible = 0;
			defaultConfigurationName = Release;
		};
		00E3048322971A9200CCC69F /* Build configuration list for PBXNativeTarget "Bow Ties" */ = {
			isa = XCConfigurationList;
			buildConfigurations = (
				00E3048422971A9200CCC69F /* Debug */,
				00E3048522971A9200CCC69F /* Release */,
			);
			defaultConfigurationIsVisible = 0;
			defaultConfigurationName = Release;
		};
/* End XCConfigurationList section */

/* Begin XCVersionGroup section */
		00E3047822971A9100CCC69F /* Bow_Ties.xcdatamodeld */ = {
			isa = XCVersionGroup;
			children = (
				00E3047922971A9100CCC69F /* Bow_Ties.xcdatamodel */,
			);
			currentVersion = 00E3047922971A9100CCC69F /* Bow_Ties.xcdatamodel */;
			path = Bow_Ties.xcdatamodeld;
			sourceTree = "<group>";
			versionGroupType = wrapper.xcdatamodel;
		};
/* End XCVersionGroup section */
	};
	rootObject = 00E3046622971A9000CCC69F /* Project object */;
}
